// !$*UTF8*$!
{
	archiveVersion = 1;
	classes = {
	};
	objectVersion = 50;
	objects = {

/* Begin PBXBuildFile section */
		8E058BFF2164AEC0008257B1 /* AppDelegate.swift in Sources */ = {isa = PBXBuildFile; fileRef = 8E058BFE2164AEC0008257B1 /* AppDelegate.swift */; };
		8E058C012164AEC0008257B1 /* ViewController.swift in Sources */ = {isa = PBXBuildFile; fileRef = 8E058C002164AEC0008257B1 /* ViewController.swift */; };
		8E058C042164AEC0008257B1 /* Main.storyboard in Resources */ = {isa = PBXBuildFile; fileRef = 8E058C022164AEC0008257B1 /* Main.storyboard */; };
		8E058C062164AEC4008257B1 /* Assets.xcassets in Resources */ = {isa = PBXBuildFile; fileRef = 8E058C052164AEC4008257B1 /* Assets.xcassets */; };
		8E058C092164AEC4008257B1 /* LaunchScreen.storyboard in Resources */ = {isa = PBXBuildFile; fileRef = 8E058C072164AEC4008257B1 /* LaunchScreen.storyboard */; };
		8E058C142164AEC4008257B1 /* TestTests.swift in Sources */ = {isa = PBXBuildFile; fileRef = 8E058C132164AEC4008257B1 /* TestTests.swift */; };
		8E058C1F2164AEC5008257B1 /* TestUITests.swift in Sources */ = {isa = PBXBuildFile; fileRef = 8E058C1E2164AEC5008257B1 /* TestUITests.swift */; };
/* End PBXBuildFile section */

/* Begin PBXContainerItemProxy section */
		8E058C102164AEC4008257B1 /* PBXContainerItemProxy */ = {
			isa = PBXContainerItemProxy;
			containerPortal = 8E058BF32164AEBF008257B1 /* Project object */;
			proxyType = 1;
			remoteGlobalIDString = 8E058BFA2164AEBF008257B1;
			remoteInfo = Test;
		};
		8E058C1B2164AEC5008257B1 /* PBXContainerItemProxy */ = {
			isa = PBXContainerItemProxy;
			containerPortal = 8E058BF32164AEBF008257B1 /* Project object */;
			proxyType = 1;
			remoteGlobalIDString = 8E058BFA2164AEBF008257B1;
			remoteInfo = Test;
		};
/* End PBXContainerItemProxy section */

/* Begin PBXFileReference section */
		8E058BFB2164AEC0008257B1 /* Test.app */ = {isa = PBXFileReference; explicitFileType = wrapper.application; includeInIndex = 0; path = Test.app; sourceTree = BUILT_PRODUCTS_DIR; };
		8E058BFE2164AEC0008257B1 /* AppDelegate.swift */ = {isa = PBXFileReference; lastKnownFileType = sourcecode.swift; path = AppDelegate.swift; sourceTree = "<group>"; };
		8E058C002164AEC0008257B1 /* ViewController.swift */ = {isa = PBXFileReference; lastKnownFileType = sourcecode.swift; path = ViewController.swift; sourceTree = "<group>"; };
		8E058C032164AEC0008257B1 /* Base */ = {isa = PBXFileReference; lastKnownFileType = file.storyboard; name = Base; path = Base.lproj/Main.storyboard; sourceTree = "<group>"; };
		8E058C052164AEC4008257B1 /* Assets.xcassets */ = {isa = PBXFileReference; lastKnownFileType = folder.assetcatalog; path = Assets.xcassets; sourceTree = "<group>"; };
		8E058C082164AEC4008257B1 /* Base */ = {isa = PBXFileReference; lastKnownFileType = file.storyboard; name = Base; path = Base.lproj/LaunchScreen.storyboard; sourceTree = "<group>"; };
		8E058C0A2164AEC4008257B1 /* Info.plist */ = {isa = PBXFileReference; lastKnownFileType = text.plist.xml; path = Info.plist; sourceTree = "<group>"; };
		8E058C0F2164AEC4008257B1 /* TestTests.xctest */ = {isa = PBXFileReference; explicitFileType = wrapper.cfbundle; includeInIndex = 0; path = TestTests.xctest; sourceTree = BUILT_PRODUCTS_DIR; };
		8E058C132164AEC4008257B1 /* TestTests.swift */ = {isa = PBXFileReference; lastKnownFileType = sourcecode.swift; path = TestTests.swift; sourceTree = "<group>"; };
		8E058C152164AEC5008257B1 /* Info.plist */ = {isa = PBXFileReference; lastKnownFileType = text.plist.xml; path = Info.plist; sourceTree = "<group>"; };
		8E058C1A2164AEC5008257B1 /* TestUITests.xctest */ = {isa = PBXFileReference; explicitFileType = wrapper.cfbundle; includeInIndex = 0; path = TestUITests.xctest; sourceTree = BUILT_PRODUCTS_DIR; };
		8E058C1E2164AEC5008257B1 /* TestUITests.swift */ = {isa = PBXFileReference; lastKnownFileType = sourcecode.swift; path = TestUITests.swift; sourceTree = "<group>"; };
		8E058C202164AEC5008257B1 /* Info.plist */ = {isa = PBXFileReference; lastKnownFileType = text.plist.xml; path = Info.plist; sourceTree = "<group>"; };
/* End PBXFileReference section */

/* Begin PBXFrameworksBuildPhase section */
		8E058BF82164AEBF008257B1 /* Frameworks */ = {
			isa = PBXFrameworksBuildPhase;
			buildActionMask = 2147483647;
			files = (
			);
			runOnlyForDeploymentPostprocessing = 0;
		};
		8E058C0C2164AEC4008257B1 /* Frameworks */ = {
			isa = PBXFrameworksBuildPhase;
			buildActionMask = 2147483647;
			files = (
			);
			runOnlyForDeploymentPostprocessing = 0;
		};
		8E058C172164AEC5008257B1 /* Frameworks */ = {
			isa = PBXFrameworksBuildPhase;
			buildActionMask = 2147483647;
			files = (
			);
			runOnlyForDeploymentPostprocessing = 0;
		};
/* End PBXFrameworksBuildPhase section */

/* Begin PBXGroup section */
		8E058BF22164AEBF008257B1 = {
			isa = PBXGroup;
			children = (
				8E058BFD2164AEC0008257B1 /* Test */,
				8E058C122164AEC4008257B1 /* TestTests */,
				8E058C1D2164AEC5008257B1 /* TestUITests */,
				8E058BFC2164AEC0008257B1 /* Products */,
			);
			sourceTree = "<group>";
		};
		8E058BFC2164AEC0008257B1 /* Products */ = {
			isa = PBXGroup;
			children = (
				8E058BFB2164AEC0008257B1 /* Test.app */,
				8E058C0F2164AEC4008257B1 /* TestTests.xctest */,
				8E058C1A2164AEC5008257B1 /* TestUITests.xctest */,
			);
			name = Products;
			sourceTree = "<group>";
		};
		8E058BFD2164AEC0008257B1 /* Test */ = {
			isa = PBXGroup;
			children = (
				8E058BFE2164AEC0008257B1 /* AppDelegate.swift */,
				8E058C002164AEC0008257B1 /* ViewController.swift */,
				8E058C022164AEC0008257B1 /* Main.storyboard */,
				8E058C052164AEC4008257B1 /* Assets.xcassets */,
				8E058C072164AEC4008257B1 /* LaunchScreen.storyboard */,
				8E058C0A2164AEC4008257B1 /* Info.plist */,
			);
			path = Test;
			sourceTree = "<group>";
		};
		8E058C122164AEC4008257B1 /* TestTests */ = {
			isa = PBXGroup;
			children = (
				8E058C132164AEC4008257B1 /* TestTests.swift */,
				8E058C152164AEC5008257B1 /* Info.plist */,
			);
			path = TestTests;
			sourceTree = "<group>";
		};
		8E058C1D2164AEC5008257B1 /* TestUITests */ = {
			isa = PBXGroup;
			children = (
				8E058C1E2164AEC5008257B1 /* TestUITests.swift */,
				8E058C202164AEC5008257B1 /* Info.plist */,
			);
			path = TestUITests;
			sourceTree = "<group>";
		};
/* End PBXGroup section */

/* Begin PBXNativeTarget section */
		8E058BFA2164AEBF008257B1 /* Test */ = {
			isa = PBXNativeTarget;
			buildConfigurationList = 8E058C232164AEC5008257B1 /* Build configuration list for PBXNativeTarget "Test" */;
			buildPhases = (
				8E058BF72164AEBF008257B1 /* Sources */,
				8E058BF82164AEBF008257B1 /* Frameworks */,
				8E058BF92164AEBF008257B1 /* Resources */,
			);
			buildRules = (
			);
			dependencies = (
			);
			name = Test;
			productName = Test;
			productReference = 8E058BFB2164AEC0008257B1 /* Test.app */;
			productType = "com.apple.product-type.application";
		};
		8E058C0E2164AEC4008257B1 /* TestTests */ = {
			isa = PBXNativeTarget;
			buildConfigurationList = 8E058C262164AEC5008257B1 /* Build configuration list for PBXNativeTarget "TestTests" */;
			buildPhases = (
				8E058C0B2164AEC4008257B1 /* Sources */,
				8E058C0C2164AEC4008257B1 /* Frameworks */,
				8E058C0D2164AEC4008257B1 /* Resources */,
			);
			buildRules = (
			);
			dependencies = (
				8E058C112164AEC4008257B1 /* PBXTargetDependency */,
			);
			name = TestTests;
			productName = TestTests;
			productReference = 8E058C0F2164AEC4008257B1 /* TestTests.xctest */;
			productType = "com.apple.product-type.bundle.unit-test";
		};
		8E058C192164AEC5008257B1 /* TestUITests */ = {
			isa = PBXNativeTarget;
			buildConfigurationList = 8E058C292164AEC5008257B1 /* Build configuration list for PBXNativeTarget "TestUITests" */;
			buildPhases = (
				8E058C162164AEC5008257B1 /* Sources */,
				8E058C172164AEC5008257B1 /* Frameworks */,
				8E058C182164AEC5008257B1 /* Resources */,
			);
			buildRules = (
			);
			dependencies = (
				8E058C1C2164AEC5008257B1 /* PBXTargetDependency */,
			);
			name = TestUITests;
			productName = TestUITests;
			productReference = 8E058C1A2164AEC5008257B1 /* TestUITests.xctest */;
			productType = "com.apple.product-type.bundle.ui-testing";
		};
/* End PBXNativeTarget section */

/* Begin PBXProject section */
		8E058BF32164AEBF008257B1 /* Project object */ = {
			isa = PBXProject;
			attributes = {
				LastSwiftUpdateCheck = 1000;
				LastUpgradeCheck = 1000;
				ORGANIZATIONNAME = "Kamila Kusainova";
				TargetAttributes = {
					8E058BFA2164AEBF008257B1 = {
						CreatedOnToolsVersion = 10.0;
					};
					8E058C0E2164AEC4008257B1 = {
						CreatedOnToolsVersion = 10.0;
						TestTargetID = 8E058BFA2164AEBF008257B1;
					};
					8E058C192164AEC5008257B1 = {
						CreatedOnToolsVersion = 10.0;
						TestTargetID = 8E058BFA2164AEBF008257B1;
					};
				};
			};
			buildConfigurationList = 8E058BF62164AEBF008257B1 /* Build configuration list for PBXProject "Test" */;
			compatibilityVersion = "Xcode 9.3";
			developmentRegion = en;
			hasScannedForEncodings = 0;
			knownRegions = (
				en,
				Base,
			);
			mainGroup = 8E058BF22164AEBF008257B1;
			productRefGroup = 8E058BFC2164AEC0008257B1 /* Products */;
			projectDirPath = "";
			projectRoot = "";
			targets = (
				8E058BFA2164AEBF008257B1 /* Test */,
				8E058C0E2164AEC4008257B1 /* TestTests */,
				8E058C192164AEC5008257B1 /* TestUITests */,
			);
		};
/* End PBXProject section */

/* Begin PBXResourcesBuildPhase section */
		8E058BF92164AEBF008257B1 /* Resources */ = {
			isa = PBXResourcesBuildPhase;
			buildActionMask = 2147483647;
			files = (
				8E058C092164AEC4008257B1 /* LaunchScreen.storyboard in Resources */,
				8E058C062164AEC4008257B1 /* Assets.xcassets in Resources */,
				8E058C042164AEC0008257B1 /* Main.storyboard in Resources */,
			);
			runOnlyForDeploymentPostprocessing = 0;
		};
		8E058C0D2164AEC4008257B1 /* Resources */ = {
			isa = PBXResourcesBuildPhase;
			buildActionMask = 2147483647;
			files = (
			);
			runOnlyForDeploymentPostprocessing = 0;
		};
		8E058C182164AEC5008257B1 /* Resources */ = {
			isa = PBXResourcesBuildPhase;
			buildActionMask = 2147483647;
			files = (
			);
			runOnlyForDeploymentPostprocessing = 0;
		};
/* End PBXResourcesBuildPhase section */

/* Begin PBXSourcesBuildPhase section */
		8E058BF72164AEBF008257B1 /* Sources */ = {
			isa = PBXSourcesBuildPhase;
			buildActionMask = 2147483647;
			files = (
				8E058C012164AEC0008257B1 /* ViewController.swift in Sources */,
				8E058BFF2164AEC0008257B1 /* AppDelegate.swift in Sources */,
			);
			runOnlyForDeploymentPostprocessing = 0;
		};
		8E058C0B2164AEC4008257B1 /* Sources */ = {
			isa = PBXSourcesBuildPhase;
			buildActionMask = 2147483647;
			files = (
				8E058C142164AEC4008257B1 /* TestTests.swift in Sources */,
			);
			runOnlyForDeploymentPostprocessing = 0;
		};
		8E058C162164AEC5008257B1 /* Sources */ = {
			isa = PBXSourcesBuildPhase;
			buildActionMask = 2147483647;
			files = (
				8E058C1F2164AEC5008257B1 /* TestUITests.swift in Sources */,
			);
			runOnlyForDeploymentPostprocessing = 0;
		};
/* End PBXSourcesBuildPhase section */

/* Begin PBXTargetDependency section */
		8E058C112164AEC4008257B1 /* PBXTargetDependency */ = {
			isa = PBXTargetDependency;
			target = 8E058BFA2164AEBF008257B1 /* Test */;
			targetProxy = 8E058C102164AEC4008257B1 /* PBXContainerItemProxy */;
		};
		8E058C1C2164AEC5008257B1 /* PBXTargetDependency */ = {
			isa = PBXTargetDependency;
			target = 8E058BFA2164AEBF008257B1 /* Test */;
			targetProxy = 8E058C1B2164AEC5008257B1 /* PBXContainerItemProxy */;
		};
/* End PBXTargetDependency section */

/* Begin PBXVariantGroup section */
		8E058C022164AEC0008257B1 /* Main.storyboard */ = {
			isa = PBXVariantGroup;
			children = (
				8E058C032164AEC0008257B1 /* Base */,
			);
			name = Main.storyboard;
			sourceTree = "<group>";
		};
		8E058C072164AEC4008257B1 /* LaunchScreen.storyboard */ = {
			isa = PBXVariantGroup;
			children = (
				8E058C082164AEC4008257B1 /* Base */,
			);
			name = LaunchScreen.storyboard;
			sourceTree = "<group>";
		};
/* End PBXVariantGroup section */

/* Begin XCBuildConfiguration section */
		8E058C212164AEC5008257B1 /* Debug */ = {
			isa = XCBuildConfiguration;
			buildSettings = {
				ALWAYS_SEARCH_USER_PATHS = NO;
				CLANG_ANALYZER_NONNULL = YES;
				CLANG_ANALYZER_NUMBER_OBJECT_CONVERSION = YES_AGGRESSIVE;
				CLANG_CXX_LANGUAGE_STANDARD = "gnu++14";
				CLANG_CXX_LIBRARY = "libc++";
				CLANG_ENABLE_MODULES = YES;
				CLANG_ENABLE_OBJC_ARC = YES;
				CLANG_ENABLE_OBJC_WEAK = YES;
				CLANG_WARN_BLOCK_CAPTURE_AUTORELEASING = YES;
				CLANG_WARN_BOOL_CONVERSION = YES;
				CLANG_WARN_COMMA = YES;
				CLANG_WARN_CONSTANT_CONVERSION = YES;
				CLANG_WARN_DEPRECATED_OBJC_IMPLEMENTATIONS = YES;
				CLANG_WARN_DIRECT_OBJC_ISA_USAGE = YES_ERROR;
				CLANG_WARN_DOCUMENTATION_COMMENTS = YES;
				CLANG_WARN_EMPTY_BODY = YES;
				CLANG_WARN_ENUM_CONVERSION = YES;
				CLANG_WARN_INFINITE_RECURSION = YES;
				CLANG_WARN_INT_CONVERSION = YES;
				CLANG_WARN_NON_LITERAL_NULL_CONVERSION = YES;
				CLANG_WARN_OBJC_IMPLICIT_RETAIN_SELF = YES;
				CLANG_WARN_OBJC_LITERAL_CONVERSION = YES;
				CLANG_WARN_OBJC_ROOT_CLASS = YES_ERROR;
				CLANG_WARN_RANGE_LOOP_ANALYSIS = YES;
				CLANG_WARN_STRICT_PROTOTYPES = YES;
				CLANG_WARN_SUSPICIOUS_MOVE = YES;
				CLANG_WARN_UNGUARDED_AVAILABILITY = YES_AGGRESSIVE;
				CLANG_WARN_UNREACHABLE_CODE = YES;
				CLANG_WARN__DUPLICATE_METHOD_MATCH = YES;
				CODE_SIGN_IDENTITY = "iPhone Developer";
				COPY_PHASE_STRIP = NO;
				DEBUG_INFORMATION_FORMAT = dwarf;
				ENABLE_STRICT_OBJC_MSGSEND = YES;
				ENABLE_TESTABILITY = YES;
				GCC_C_LANGUAGE_STANDARD = gnu11;
				GCC_DYNAMIC_NO_PIC = NO;
				GCC_NO_COMMON_BLOCKS = YES;
				GCC_OPTIMIZATION_LEVEL = 0;
				GCC_PREPROCESSOR_DEFINITIONS = (
					"DEBUG=1",
					"$(inherited)",
				);
				GCC_WARN_64_TO_32_BIT_CONVERSION = YES;
				GCC_WARN_ABOUT_RETURN_TYPE = YES_ERROR;
				GCC_WARN_UNDECLARED_SELECTOR = YES;
				GCC_WARN_UNINITIALIZED_AUTOS = YES_AGGRESSIVE;
				GCC_WARN_UNUSED_FUNCTION = YES;
				GCC_WARN_UNUSED_VARIABLE = YES;
				IPHONEOS_DEPLOYMENT_TARGET = 12.0;
				MTL_ENABLE_DEBUG_INFO = INCLUDE_SOURCE;
				MTL_FAST_MATH = YES;
				ONLY_ACTIVE_ARCH = YES;
				SDKROOT = iphoneos;
				SWIFT_ACTIVE_COMPILATION_CONDITIONS = DEBUG;
				SWIFT_OPTIMIZATION_LEVEL = "-Onone";
			};
			name = Debug;
		};
		8E058C222164AEC5008257B1 /* Release */ = {
			isa = XCBuildConfiguration;
			buildSettings = {
				ALWAYS_SEARCH_USER_PATHS = NO;
				CLANG_ANALYZER_NONNULL = YES;
				CLANG_ANALYZER_NUMBER_OBJECT_CONVERSION = YES_AGGRESSIVE;
				CLANG_CXX_LANGUAGE_STANDARD = "gnu++14";
				CLANG_CXX_LIBRARY = "libc++";
				CLANG_ENABLE_MODULES = YES;
				CLANG_ENABLE_OBJC_ARC = YES;
				CLANG_ENABLE_OBJC_WEAK = YES;
				CLANG_WARN_BLOCK_CAPTURE_AUTORELEASING = YES;
				CLANG_WARN_BOOL_CONVERSION = YES;
				CLANG_WARN_COMMA = YES;
				CLANG_WARN_CONSTANT_CONVERSION = YES;
				CLANG_WARN_DEPRECATED_OBJC_IMPLEMENTATIONS = YES;
				CLANG_WARN_DIRECT_OBJC_ISA_USAGE = YES_ERROR;
				CLANG_WARN_DOCUMENTATION_COMMENTS = YES;
				CLANG_WARN_EMPTY_BODY = YES;
				CLANG_WARN_ENUM_CONVERSION = YES;
				CLANG_WARN_INFINITE_RECURSION = YES;
				CLANG_WARN_INT_CONVERSION = YES;
				CLANG_WARN_NON_LITERAL_NULL_CONVERSION = YES;
				CLANG_WARN_OBJC_IMPLICIT_RETAIN_SELF = YES;
				CLANG_WARN_OBJC_LITERAL_CONVERSION = YES;
				CLANG_WARN_OBJC_ROOT_CLASS = YES_ERROR;
				CLANG_WARN_RANGE_LOOP_ANALYSIS = YES;
				CLANG_WARN_STRICT_PROTOTYPES = YES;
				CLANG_WARN_SUSPICIOUS_MOVE = YES;
				CLANG_WARN_UNGUARDED_AVAILABILITY = YES_AGGRESSIVE;
				CLANG_WARN_UNREACHABLE_CODE = YES;
				CLANG_WARN__DUPLICATE_METHOD_MATCH = YES;
				CODE_SIGN_IDENTITY = "iPhone Developer";
				COPY_PHASE_STRIP = NO;
				DEBUG_INFORMATION_FORMAT = "dwarf-with-dsym";
				ENABLE_NS_ASSERTIONS = NO;
				ENABLE_STRICT_OBJC_MSGSEND = YES;
				GCC_C_LANGUAGE_STANDARD = gnu11;
				GCC_NO_COMMON_BLOCKS = YES;
				GCC_WARN_64_TO_32_BIT_CONVERSION = YES;
				GCC_WARN_ABOUT_RETURN_TYPE = YES_ERROR;
				GCC_WARN_UNDECLARED_SELECTOR = YES;
				GCC_WARN_UNINITIALIZED_AUTOS = YES_AGGRESSIVE;
				GCC_WARN_UNUSED_FUNCTION = YES;
				GCC_WARN_UNUSED_VARIABLE = YES;
				IPHONEOS_DEPLOYMENT_TARGET = 12.0;
				MTL_ENABLE_DEBUG_INFO = NO;
				MTL_FAST_MATH = YES;
				SDKROOT = iphoneos;
				SWIFT_COMPILATION_MODE = wholemodule;
				SWIFT_OPTIMIZATION_LEVEL = "-O";
				VALIDATE_PRODUCT = YES;
			};
			name = Release;
		};
		8E058C242164AEC5008257B1 /* Debug */ = {
			isa = XCBuildConfiguration;
			buildSettings = {
				ASSETCATALOG_COMPILER_APPICON_NAME = AppIcon;
				CODE_SIGN_STYLE = Automatic;
				INFOPLIST_FILE = Test/Info.plist;
				LD_RUNPATH_SEARCH_PATHS = (
					"$(inherited)",
					"@executable_path/Frameworks",
				);
				PRODUCT_BUNDLE_IDENTIFIER = kusainovaka.Test;
				PRODUCT_NAME = "$(TARGET_NAME)";
				SWIFT_VERSION = 4.2;
				TARGETED_DEVICE_FAMILY = "1,2";
			};
			name = Debug;
		};
		8E058C252164AEC5008257B1 /* Release */ = {
			isa = XCBuildConfiguration;
			buildSettings = {
				ASSETCATALOG_COMPILER_APPICON_NAME = AppIcon;
				CODE_SIGN_STYLE = Automatic;
				INFOPLIST_FILE = Test/Info.plist;
				LD_RUNPATH_SEARCH_PATHS = (
					"$(inherited)",
					"@executable_path/Frameworks",
				);
				PRODUCT_BUNDLE_IDENTIFIER = kusainovaka.Test;
				PRODUCT_NAME = "$(TARGET_NAME)";
				SWIFT_VERSION = 4.2;
				TARGETED_DEVICE_FAMILY = "1,2";
			};
			name = Release;
		};
		8E058C272164AEC5008257B1 /* Debug */ = {
			isa = XCBuildConfiguration;
			buildSettings = {
				ALWAYS_EMBED_SWIFT_STANDARD_LIBRARIES = YES;
				BUNDLE_LOADER = "$(TEST_HOST)";
				CODE_SIGN_STYLE = Automatic;
				INFOPLIST_FILE = TestTests/Info.plist;
				LD_RUNPATH_SEARCH_PATHS = (
					"$(inherited)",
					"@executable_path/Frameworks",
					"@loader_path/Frameworks",
				);
				PRODUCT_BUNDLE_IDENTIFIER = kusainovaka.TestTests;
				PRODUCT_NAME = "$(TARGET_NAME)";
				SWIFT_VERSION = 4.2;
				TARGETED_DEVICE_FAMILY = "1,2";
				TEST_HOST = "$(BUILT_PRODUCTS_DIR)/Test.app/Test";
			};
			name = Debug;
		};
		8E058C282164AEC5008257B1 /* Release */ = {
			isa = XCBuildConfiguration;
			buildSettings = {
				ALWAYS_EMBED_SWIFT_STANDARD_LIBRARIES = YES;
				BUNDLE_LOADER = "$(TEST_HOST)";
				CODE_SIGN_STYLE = Automatic;
				INFOPLIST_FILE = TestTests/Info.plist;
				LD_RUNPATH_SEARCH_PATHS = (
					"$(inherited)",
					"@executable_path/Frameworks",
					"@loader_path/Frameworks",
				);
				PRODUCT_BUNDLE_IDENTIFIER = kusainovaka.TestTests;
				PRODUCT_NAME = "$(TARGET_NAME)";
				SWIFT_VERSION = 4.2;
				TARGETED_DEVICE_FAMILY = "1,2";
				TEST_HOST = "$(BUILT_PRODUCTS_DIR)/Test.app/Test";
			};
			name = Release;
		};
		8E058C2A2164AEC5008257B1 /* Debug */ = {
			isa = XCBuildConfiguration;
			buildSettings = {
				ALWAYS_EMBED_SWIFT_STANDARD_LIBRARIES = YES;
				CODE_SIGN_STYLE = Automatic;
				INFOPLIST_FILE = TestUITests/Info.plist;
				LD_RUNPATH_SEARCH_PATHS = (
					"$(inherited)",
					"@executable_path/Frameworks",
					"@loader_path/Frameworks",
				);
				PRODUCT_BUNDLE_IDENTIFIER = kusainovaka.TestUITests;
				PRODUCT_NAME = "$(TARGET_NAME)";
				SWIFT_VERSION = 4.2;
				TARGETED_DEVICE_FAMILY = "1,2";
				TEST_TARGET_NAME = Test;
			};
			name = Debug;
		};
		8E058C2B2164AEC5008257B1 /* Release */ = {
			isa = XCBuildConfiguration;
			buildSettings = {
				ALWAYS_EMBED_SWIFT_STANDARD_LIBRARIES = YES;
				CODE_SIGN_STYLE = Automatic;
				INFOPLIST_FILE = TestUITests/Info.plist;
				LD_RUNPATH_SEARCH_PATHS = (
					"$(inherited)",
					"@executable_path/Frameworks",
					"@loader_path/Frameworks",
				);
				PRODUCT_BUNDLE_IDENTIFIER = kusainovaka.TestUITests;
				PRODUCT_NAME = "$(TARGET_NAME)";
				SWIFT_VERSION = 4.2;
				TARGETED_DEVICE_FAMILY = "1,2";
				TEST_TARGET_NAME = Test;
			};
			name = Release;
		};
/* End XCBuildConfiguration section */

/* Begin XCConfigurationList section */
		8E058BF62164AEBF008257B1 /* Build configuration list for PBXProject "Test" */ = {
			isa = XCConfigurationList;
			buildConfigurations = (
				8E058C212164AEC5008257B1 /* Debug */,
				8E058C222164AEC5008257B1 /* Release */,
			);
			defaultConfigurationIsVisible = 0;
			defaultConfigurationName = Release;
		};
		8E058C232164AEC5008257B1 /* Build configuration list for PBXNativeTarget "Test" */ = {
			isa = XCConfigurationList;
			buildConfigurations = (
				8E058C242164AEC5008257B1 /* Debug */,
				8E058C252164AEC5008257B1 /* Release */,
			);
			defaultConfigurationIsVisible = 0;
			defaultConfigurationName = Release;
		};
		8E058C262164AEC5008257B1 /* Build configuration list for PBXNativeTarget "TestTests" */ = {
			isa = XCConfigurationList;
			buildConfigurations = (
				8E058C272164AEC5008257B1 /* Debug */,
				8E058C282164AEC5008257B1 /* Release */,
			);
			defaultConfigurationIsVisible = 0;
			defaultConfigurationName = Release;
		};
		8E058C292164AEC5008257B1 /* Build configuration list for PBXNativeTarget "TestUITests" */ = {
			isa = XCConfigurationList;
			buildConfigurations = (
				8E058C2A2164AEC5008257B1 /* Debug */,
				8E058C2B2164AEC5008257B1 /* Release */,
			);
			defaultConfigurationIsVisible = 0;
			defaultConfigurationName = Release;
		};
/* End XCConfigurationList section */
	};
	rootObject = 8E058BF32164AEBF008257B1 /* Project object */;
}
